
Microsoft Visual Studio Solution File, Format Version 12.00
# Visual Studio Version 16
VisualStudioVersion = 16.0.29920.165
MinimumVisualStudioVersion = 10.0.40219.1
Project("{FAE04EC0-301F-11D3-BF4B-00C04F79EFBC}") = "Entities", "Entities\Entities.csproj", "{8679752F-2500-4F41-8A49-90A6C404FB68}"
EndProject
Project("{FAE04EC0-301F-11D3-BF4B-00C04F79EFBC}") = "DataAccess", "DataAccess\DataAccess.csproj", "{C0DE51C7-366F-4331-A3C5-B9F8C649F25B}"
EndProject
Project("{FAE04EC0-301F-11D3-BF4B-00C04F79EFBC}") = "Core", "Core\Core.csproj", "{21D979DD-213E-4681-A30F-C91CAAC20E32}"
EndProject
Project("{FAE04EC0-301F-11D3-BF4B-00C04F79EFBC}") = "WebAPI", "webAPI\WebAPI.csproj", "{C28A03AA-EDD1-45A9-A938-CC3D264B1777}"
EndProject
Project("{FAE04EC0-301F-11D3-BF4B-00C04F79EFBC}") = "Business", "Business\Business.csproj", "{93047943-0F49-4333-A24C-A086656D3DFC}"
EndProject
Global
	GlobalSection(SolutionConfigurationPlatforms) = preSolution
		Debug|Any CPU = Debug|Any CPU
		Release|Any CPU = Release|Any CPU
	EndGlobalSection
	GlobalSection(ProjectConfigurationPlatforms) = postSolution
		{8679752F-2500-4F41-8A49-90A6C404FB68}.Debug|Any CPU.ActiveCfg = Debug|Any CPU
		{8679752F-2500-4F41-8A49-90A6C404FB68}.Debug|Any CPU.Build.0 = Debug|Any CPU
		{8679752F-2500-4F41-8A49-90A6C404FB68}.Release|Any CPU.ActiveCfg = Release|Any CPU
		{8679752F-2500-4F41-8A49-90A6C404FB68}.Release|Any CPU.Build.0 = Release|Any CPU
		{C0DE51C7-366F-4331-A3C5-B9F8C649F25B}.Debug|Any CPU.ActiveCfg = Debug|Any CPU
		{C0DE51C7-366F-4331-A3C5-B9F8C649F25B}.Debug|Any CPU.Build.0 = Debug|Any CPU
		{C0DE51C7-366F-4331-A3C5-B9F8C649F25B}.Release|Any CPU.ActiveCfg = Release|Any CPU
		{C0DE51C7-366F-4331-A3C5-B9F8C649F25B}.Release|Any CPU.Build.0 = Release|Any CPU
		{21D979DD-213E-4681-A30F-C91CAAC20E32}.Debug|Any CPU.ActiveCfg = Debug|Any CPU
		{21D979DD-213E-4681-A30F-C91CAAC20E32}.Debug|Any CPU.Build.0 = Debug|Any CPU
		{21D979DD-213E-4681-A30F-C91CAAC20E32}.Release|Any CPU.ActiveCfg = Release|Any CPU
		{21D979DD-213E-4681-A30F-C91CAAC20E32}.Release|Any CPU.Build.0 = Release|Any CPU
		{C28A03AA-EDD1-45A9-A938-CC3D264B1777}.Debug|Any CPU.ActiveCfg = Debug|Any CPU
		{C28A03AA-EDD1-45A9-A938-CC3D264B1777}.Debug|Any CPU.Build.0 = Debug|Any CPU
		{C28A03AA-EDD1-45A9-A938-CC3D264B1777}.Release|Any CPU.ActiveCfg = Release|Any CPU
		{C28A03AA-EDD1-45A9-A938-CC3D264B1777}.Release|Any CPU.Build.0 = Release|Any CPU
		{93047943-0F49-4333-A24C-A086656D3DFC}.Debug|Any CPU.ActiveCfg = Debug|Any CPU
		{93047943-0F49-4333-A24C-A086656D3DFC}.Debug|Any CPU.Build.0 = Debug|Any CPU
		{93047943-0F49-4333-A24C-A086656D3DFC}.Release|Any CPU.ActiveCfg = Release|Any CPU
		{93047943-0F49-4333-A24C-A086656D3DFC}.Release|Any CPU.Build.0 = Release|Any CPU
	EndGlobalSection
	GlobalSection(SolutionProperties) = preSolution
		HideSolutionNode = FALSE
	EndGlobalSection
	GlobalSection(ExtensibilityGlobals) = postSolution
		SolutionGuid = {CFCA175E-5D6A-4F8D-B423-16B995976AEB}
	EndGlobalSection
EndGlobal
